
Microsoft Visual Studio Solution File, Format Version 12.00
# Visual Studio 14
VisualStudioVersion = 14.0.25420.1
MinimumVisualStudioVersion = 10.0.40219.1
Project("{FAE04EC0-301F-11D3-BF4B-00C04F79EFBC}") = "CounterStats.UI", "CounterStats.UI\CounterStats.UI.csproj", "{AD0697FC-22FC-4E6D-BC4E-5A6370A4A8EB}"
EndProject
Project("{FAE04EC0-301F-11D3-BF4B-00C04F79EFBC}") = "CounterStats.Data", "CounterStats.Data\CounterStats.Data.csproj", "{ACD77343-0DF6-43B7-A80C-4CC9C0A4F935}"
EndProject
Project("{FAE04EC0-301F-11D3-BF4B-00C04F79EFBC}") = "CounterStats.ApiCaller", "CounterStats.ApiCaller\CounterStats.ApiCaller.csproj", "{CBD3C37C-8643-4B98-AA11-E0B087CB3337}"
EndProject
Project("{FAE04EC0-301F-11D3-BF4B-00C04F79EFBC}") = "CounterStats.Business", "CounterStats.Business\CounterStats.Business.csproj", "{7007A446-8700-4134-B666-2B5A52FB899F}"
EndProject
Project("{54435603-DBB4-11D2-8724-00A0C9A8B90C}") = "CounterStats.Installer", "CounterStats.Installer\CounterStats.Installer.vdproj", "{E83629C2-AB49-40E8-A420-A0F9AEDAA14F}"
EndProject
Project("{FAE04EC0-301F-11D3-BF4B-00C04F79EFBC}") = "CounterStrats.Installer.CfgFileAdder", "CounterStrats.Installer.CfgFileAdder\CounterStrats.Installer.CfgFileAdder.csproj", "{873A0CE1-1619-41F7-A42B-1D7CE485957D}"
EndProject
Project("{2150E333-8FDC-42A3-9474-1A3956D46DE8}") = "Unit Tests", "Unit Tests", "{DE1A7FBD-292D-4723-BCD8-C3CD53DCEFB5}"
EndProject
Project("{FAE04EC0-301F-11D3-BF4B-00C04F79EFBC}") = "CounterStrats.Business.Test", "CounterStrats.Business.Test\CounterStrats.Business.Test.csproj", "{B7D6F626-516A-44EA-9258-465DFB3BA45B}"
EndProject
Project("{FAE04EC0-301F-11D3-BF4B-00C04F79EFBC}") = "CounterStrats.UI.Test", "CounterStrats.UI.Test\CounterStrats.UI.Test.csproj", "{8080758C-3568-4FFE-B401-5F07A811A274}"
EndProject
Global
	GlobalSection(SolutionConfigurationPlatforms) = preSolution
		Debug|Any CPU = Debug|Any CPU
		Release|Any CPU = Release|Any CPU
	EndGlobalSection
	GlobalSection(ProjectConfigurationPlatforms) = postSolution
		{AD0697FC-22FC-4E6D-BC4E-5A6370A4A8EB}.Debug|Any CPU.ActiveCfg = Debug|Any CPU
		{AD0697FC-22FC-4E6D-BC4E-5A6370A4A8EB}.Debug|Any CPU.Build.0 = Debug|Any CPU
		{AD0697FC-22FC-4E6D-BC4E-5A6370A4A8EB}.Release|Any CPU.ActiveCfg = Release|Any CPU
		{AD0697FC-22FC-4E6D-BC4E-5A6370A4A8EB}.Release|Any CPU.Build.0 = Release|Any CPU
		{ACD77343-0DF6-43B7-A80C-4CC9C0A4F935}.Debug|Any CPU.ActiveCfg = Debug|Any CPU
		{ACD77343-0DF6-43B7-A80C-4CC9C0A4F935}.Debug|Any CPU.Build.0 = Debug|Any CPU
		{ACD77343-0DF6-43B7-A80C-4CC9C0A4F935}.Release|Any CPU.ActiveCfg = Release|Any CPU
		{ACD77343-0DF6-43B7-A80C-4CC9C0A4F935}.Release|Any CPU.Build.0 = Release|Any CPU
		{CBD3C37C-8643-4B98-AA11-E0B087CB3337}.Debug|Any CPU.ActiveCfg = Debug|Any CPU
		{CBD3C37C-8643-4B98-AA11-E0B087CB3337}.Debug|Any CPU.Build.0 = Debug|Any CPU
		{CBD3C37C-8643-4B98-AA11-E0B087CB3337}.Release|Any CPU.ActiveCfg = Release|Any CPU
		{CBD3C37C-8643-4B98-AA11-E0B087CB3337}.Release|Any CPU.Build.0 = Release|Any CPU
		{7007A446-8700-4134-B666-2B5A52FB899F}.Debug|Any CPU.ActiveCfg = Debug|Any CPU
		{7007A446-8700-4134-B666-2B5A52FB899F}.Debug|Any CPU.Build.0 = Debug|Any CPU
		{7007A446-8700-4134-B666-2B5A52FB899F}.Release|Any CPU.ActiveCfg = Release|Any CPU
		{7007A446-8700-4134-B666-2B5A52FB899F}.Release|Any CPU.Build.0 = Release|Any CPU
		{E83629C2-AB49-40E8-A420-A0F9AEDAA14F}.Debug|Any CPU.ActiveCfg = Debug
		{E83629C2-AB49-40E8-A420-A0F9AEDAA14F}.Release|Any CPU.ActiveCfg = Release
		{873A0CE1-1619-41F7-A42B-1D7CE485957D}.Debug|Any CPU.ActiveCfg = Debug|Any CPU
		{873A0CE1-1619-41F7-A42B-1D7CE485957D}.Debug|Any CPU.Build.0 = Debug|Any CPU
		{873A0CE1-1619-41F7-A42B-1D7CE485957D}.Release|Any CPU.ActiveCfg = Release|Any CPU
		{873A0CE1-1619-41F7-A42B-1D7CE485957D}.Release|Any CPU.Build.0 = Release|Any CPU
		{B7D6F626-516A-44EA-9258-465DFB3BA45B}.Debug|Any CPU.ActiveCfg = Debug|Any CPU
		{B7D6F626-516A-44EA-9258-465DFB3BA45B}.Debug|Any CPU.Build.0 = Debug|Any CPU
		{B7D6F626-516A-44EA-9258-465DFB3BA45B}.Release|Any CPU.ActiveCfg = Release|Any CPU
		{B7D6F626-516A-44EA-9258-465DFB3BA45B}.Release|Any CPU.Build.0 = Release|Any CPU
		{8080758C-3568-4FFE-B401-5F07A811A274}.Debug|Any CPU.ActiveCfg = Debug|Any CPU
		{8080758C-3568-4FFE-B401-5F07A811A274}.Debug|Any CPU.Build.0 = Debug|Any CPU
		{8080758C-3568-4FFE-B401-5F07A811A274}.Release|Any CPU.ActiveCfg = Release|Any CPU
		{8080758C-3568-4FFE-B401-5F07A811A274}.Release|Any CPU.Build.0 = Release|Any CPU
	EndGlobalSection
	GlobalSection(SolutionProperties) = preSolution
		HideSolutionNode = FALSE
	EndGlobalSection
	GlobalSection(NestedProjects) = preSolution
		{B7D6F626-516A-44EA-9258-465DFB3BA45B} = {DE1A7FBD-292D-4723-BCD8-C3CD53DCEFB5}
		{8080758C-3568-4FFE-B401-5F07A811A274} = {DE1A7FBD-292D-4723-BCD8-C3CD53DCEFB5}
	EndGlobalSection
EndGlobal
